// !$*UTF8*$!
{
	archiveVersion = 1;
	classes = {
	};
	objectVersion = 46;
	objects = {

/* Begin PBXBuildFile section */
		000B95981A99AA300026AE44 /* ChannelDelegate.m in Sources */ = {isa = PBXBuildFile; fileRef = 000B95971A99AA300026AE44 /* ChannelDelegate.m */; };
		007932491A887F3B0044D8D5 /* main.m in Sources */ = {isa = PBXBuildFile; fileRef = 007932481A887F3B0044D8D5 /* main.m */; };
		007932501A887F840044D8D5 /* IOBluetooth.framework in Frameworks */ = {isa = PBXBuildFile; fileRef = 0079324F1A887F840044D8D5 /* IOBluetooth.framework */; };
		007932531A8880E10044D8D5 /* AppDelegate.m in Sources */ = {isa = PBXBuildFile; fileRef = 007932521A8880E10044D8D5 /* AppDelegate.m */; };
/* End PBXBuildFile section */

/* Begin PBXCopyFilesBuildPhase section */
		007932431A887F3B0044D8D5 /* CopyFiles */ = {
			isa = PBXCopyFilesBuildPhase;
			buildActionMask = 2147483647;
			dstPath = /usr/share/man/man1/;
			dstSubfolderSpec = 0;
			files = (
			);
			runOnlyForDeploymentPostprocessing = 1;
		};
/* End PBXCopyFilesBuildPhase section */

/* Begin PBXFileReference section */
		000B95961A99AA300026AE44 /* ChannelDelegate.h */ = {isa = PBXFileReference; fileEncoding = 4; lastKnownFileType = sourcecode.c.h; path = ChannelDelegate.h; sourceTree = "<group>"; };
		000B95971A99AA300026AE44 /* ChannelDelegate.m */ = {isa = PBXFileReference; fileEncoding = 4; lastKnownFileType = sourcecode.c.objc; path = ChannelDelegate.m; sourceTree = "<group>"; };
		007932451A887F3B0044D8D5 /* BlueNXT */ = {isa = PBXFileReference; explicitFileType = "compiled.mach-o.executable"; includeInIndex = 0; path = BlueNXT; sourceTree = BUILT_PRODUCTS_DIR; };
		007932481A887F3B0044D8D5 /* main.m */ = {isa = PBXFileReference; lastKnownFileType = sourcecode.c.objc; path = main.m; sourceTree = "<group>"; };
		0079324F1A887F840044D8D5 /* IOBluetooth.framework */ = {isa = PBXFileReference; lastKnownFileType = wrapper.framework; name = IOBluetooth.framework; path = System/Library/Frameworks/IOBluetooth.framework; sourceTree = SDKROOT; };
		007932511A8880E10044D8D5 /* AppDelegate.h */ = {isa = PBXFileReference; fileEncoding = 4; lastKnownFileType = sourcecode.c.h; path = AppDelegate.h; sourceTree = "<group>"; };
		007932521A8880E10044D8D5 /* AppDelegate.m */ = {isa = PBXFileReference; fileEncoding = 4; lastKnownFileType = sourcecode.c.objc; path = AppDelegate.m; sourceTree = "<group>"; };
/* End PBXFileReference section */

/* Begin PBXFrameworksBuildPhase section */
		007932421A887F3B0044D8D5 /* Frameworks */ = {
			isa = PBXFrameworksBuildPhase;
			buildActionMask = 2147483647;
			files = (
				007932501A887F840044D8D5 /* IOBluetooth.framework in Frameworks */,
			);
			runOnlyForDeploymentPostprocessing = 0;
		};
/* End PBXFrameworksBuildPhase section */

/* Begin PBXGroup section */
		0079323C1A887F3B0044D8D5 = {
			isa = PBXGroup;
			children = (
				0079324F1A887F840044D8D5 /* IOBluetooth.framework */,
				007932471A887F3B0044D8D5 /* BlueNXT */,
				007932461A887F3B0044D8D5 /* Products */,
			);
			sourceTree = "<group>";
		};
		007932461A887F3B0044D8D5 /* Products */ = {
			isa = PBXGroup;
			children = (
				007932451A887F3B0044D8D5 /* BlueNXT */,
			);
			name = Products;
			sourceTree = "<group>";
		};
		007932471A887F3B0044D8D5 /* BlueNXT */ = {
			isa = PBXGroup;
			children = (
				007932481A887F3B0044D8D5 /* main.m */,
				007932511A8880E10044D8D5 /* AppDelegate.h */,
				007932521A8880E10044D8D5 /* AppDelegate.m */,
				000B95961A99AA300026AE44 /* ChannelDelegate.h */,
				000B95971A99AA300026AE44 /* ChannelDelegate.m */,
			);
			path = BlueNXT;
			sourceTree = "<group>";
		};
/* End PBXGroup section */

/* Begin PBXNativeTarget section */
		007932441A887F3B0044D8D5 /* BlueNXT */ = {
			isa = PBXNativeTarget;
			buildConfigurationList = 0079324C1A887F3B0044D8D5 /* Build configuration list for PBXNativeTarget "BlueNXT" */;
			buildPhases = (
				007932411A887F3B0044D8D5 /* Sources */,
				007932421A887F3B0044D8D5 /* Frameworks */,
				007932431A887F3B0044D8D5 /* CopyFiles */,
			);
			buildRules = (
			);
			dependencies = (
			);
			name = BlueNXT;
			productName = BlueNXT;
			productReference = 007932451A887F3B0044D8D5 /* BlueNXT */;
			productType = "com.apple.product-type.tool";
		};
/* End PBXNativeTarget section */

/* Begin PBXProject section */
		0079323D1A887F3B0044D8D5 /* Project object */ = {
			isa = PBXProject;
			attributes = {
				LastUpgradeCheck = 0610;
				ORGANIZATIONNAME = "Damiene Stewart";
				TargetAttributes = {
					007932441A887F3B0044D8D5 = {
						CreatedOnToolsVersion = 6.1.1;
					};
				};
			};
			buildConfigurationList = 007932401A887F3B0044D8D5 /* Build configuration list for PBXProject "BlueNXT" */;
			compatibilityVersion = "Xcode 3.2";
			developmentRegion = English;
			hasScannedForEncodings = 0;
			knownRegions = (
				en,
			);
			mainGroup = 0079323C1A887F3B0044D8D5;
			productRefGroup = 007932461A887F3B0044D8D5 /* Products */;
			projectDirPath = "";
			projectRoot = "";
			targets = (
				007932441A887F3B0044D8D5 /* BlueNXT */,
			);
		};
/* End PBXProject section */

/* Begin PBXSourcesBuildPhase section */
		007932411A887F3B0044D8D5 /* Sources */ = {
			isa = PBXSourcesBuildPhase;
			buildActionMask = 2147483647;
			files = (
				007932491A887F3B0044D8D5 /* main.m in Sources */,
				007932531A8880E10044D8D5 /* AppDelegate.m in Sources */,
				000B95981A99AA300026AE44 /* ChannelDelegate.m in Sources */,
			);
			runOnlyForDeploymentPostprocessing = 0;
		};
/* End PBXSourcesBuildPhase section */

/* Begin XCBuildConfiguration section */
		0079324A1A887F3B0044D8D5 /* Debug */ = {
			isa = XCBuildConfiguration;
			buildSettings = {
				ALWAYS_SEARCH_USER_PATHS = NO;
				CLANG_CXX_LANGUAGE_STANDARD = "gnu++0x";
				CLANG_CXX_LIBRARY = "libc++";
				CLANG_ENABLE_MODULES = YES;
				CLANG_ENABLE_OBJC_ARC = YES;
				CLANG_WARN_BOOL_CONVERSION = YES;
				CLANG_WARN_CONSTANT_CONVERSION = YES;
				CLANG_WARN_DIRECT_OBJC_ISA_USAGE = YES_ERROR;
				CLANG_WARN_EMPTY_BODY = YES;
				CLANG_WARN_ENUM_CONVERSION = YES;
				CLANG_WARN_INT_CONVERSION = YES;
				CLANG_WARN_OBJC_ROOT_CLASS = YES_ERROR;
				CLANG_WARN_UNREACHABLE_CODE = YES;
				CLANG_WARN__DUPLICATE_METHOD_MATCH = YES;
				COPY_PHASE_STRIP = NO;
				ENABLE_STRICT_OBJC_MSGSEND = YES;
				GCC_C_LANGUAGE_STANDARD = gnu99;
				GCC_DYNAMIC_NO_PIC = NO;
				GCC_OPTIMIZATION_LEVEL = 0;
				GCC_PREPROCESSOR_DEFINITIONS = (
					"DEBUG=1",
					"$(inherited)",
				);
				GCC_SYMBOLS_PRIVATE_EXTERN = NO;
				GCC_WARN_64_TO_32_BIT_CONVERSION = YES;
				GCC_WARN_ABOUT_RETURN_TYPE = YES_ERROR;
				GCC_WARN_UNDECLARED_SELECTOR = YES;
				GCC_WARN_UNINITIALIZED_AUTOS = YES_AGGRESSIVE;
				GCC_WARN_UNUSED_FUNCTION = YES;
				GCC_WARN_UNUSED_VARIABLE = YES;
				MACOSX_DEPLOYMENT_TARGET = 10.10;
				MTL_ENABLE_DEBUG_INFO = YES;
				ONLY_ACTIVE_ARCH = YES;
				SDKROOT = macosx;
			};
			name = Debug;
		};
		0079324B1A887F3B0044D8D5 /* Release */ = {
			isa = XCBuildConfiguration;
			buildSettings = {
				ALWAYS_SEARCH_USER_PATHS = NO;
				CLANG_CXX_LANGUAGE_STANDARD = "gnu++0x";
				CLANG_CXX_LIBRARY = "libc++";
				CLANG_ENABLE_MODULES = YES;
				CLANG_ENABLE_OBJC_ARC = YES;
				CLANG_WARN_BOOL_CONVERSION = YES;
				CLANG_WARN_CONSTANT_CONVERSION = YES;
				CLANG_WARN_DIRECT_OBJC_ISA_USAGE = YES_ERROR;
				CLANG_WARN_EMPTY_BODY = YES;
				CLANG_WARN_ENUM_CONVERSION = YES;
				CLANG_WARN_INT_CONVERSION = YES;
				CLANG_WARN_OBJC_ROOT_CLASS = YES_ERROR;
				CLANG_WARN_UNREACHABLE_CODE = YES;
				CLANG_WARN__DUPLICATE_METHOD_MATCH = YES;
				COPY_PHASE_STRIP = YES;
				DEBUG_INFORMATION_FORMAT = "dwarf-with-dsym";
				ENABLE_NS_ASSERTIONS = NO;
				ENABLE_STRICT_OBJC_MSGSEND = YES;
				GCC_C_LANGUAGE_STANDARD = gnu99;
				GCC_WARN_64_TO_32_BIT_CONVERSION = YES;
				GCC_WARN_ABOUT_RETURN_TYPE = YES_ERROR;
				GCC_WARN_UNDECLARED_SELECTOR = YES;
				GCC_WARN_UNINITIALIZED_AUTOS = YES_AGGRESSIVE;
				GCC_WARN_UNUSED_FUNCTION = YES;
				GCC_WARN_UNUSED_VARIABLE = YES;
				MACOSX_DEPLOYMENT_TARGET = 10.10;
				MTL_ENABLE_DEBUG_INFO = NO;
				SDKROOT = macosx;
			};
			name = Release;
		};
		0079324D1A887F3B0044D8D5 /* Debug */ = {
			isa = XCBuildConfiguration;
			buildSettings = {
				PRODUCT_NAME = "$(TARGET_NAME)";
			};
			name = Debug;
		};
		0079324E1A887F3B0044D8D5 /* Release */ = {
			isa = XCBuildConfiguration;
			buildSettings = {
				PRODUCT_NAME = "$(TARGET_NAME)";
			};
			name = Release;
		};
/* End XCBuildConfiguration section */

/* Begin XCConfigurationList section */
		007932401A887F3B0044D8D5 /* Build configuration list for PBXProject "BlueNXT" */ = {
			isa = XCConfigurationList;
			buildConfigurations = (
				0079324A1A887F3B0044D8D5 /* Debug */,
				0079324B1A887F3B0044D8D5 /* Release */,
			);
			defaultConfigurationIsVisible = 0;
			defaultConfigurationName = Release;
		};
		0079324C1A887F3B0044D8D5 /* Build configuration list for PBXNativeTarget "BlueNXT" */ = {
			isa = XCConfigurationList;
			buildConfigurations = (
				0079324D1A887F3B0044D8D5 /* Debug */,
				0079324E1A887F3B0044D8D5 /* Release */,
			);
			defaultConfigurationIsVisible = 0;
			defaultConfigurationName = Release;
		};
/* End XCConfigurationList section */
	};
	rootObject = 0079323D1A887F3B0044D8D5 /* Project object */;
}
